<?xml version="1.0" encoding="UTF-8"?>
<CodeBlocks_project_file>
	<FileVersion major="1" minor="6"/>
	<Project>
		<Option title="mysql_cpp"/>
		<Option makefile_is_custom="1"/>
		<Option compiler="gcc"/>
		<Option virtualFolders="CMake Files\;CMake Files\servers\;CMake Files\servers\login\;CMake Files\lib\;CMake Files\lib\mysql-cpp\;"/>
		<Build>
			<Target title="all">
				<Option working_dir="/mnt/c/Users/moreal-gram/CLionProjects/Ex-Chick-It-Server/servers/login/mysql-cpp"/>
				<Option type="4"/>
				<MakeCommands>
					<Build command="/usr/bin/make -j8 -f &quot;/mnt/c/Users/moreal-gram/CLionProjects/Ex-Chick-It-Server/servers/login/mysql-cpp/Makefile&quot;  VERBOSE=1 all"/>
					<CompileFile command="/usr/bin/make -j8 -f &quot;/mnt/c/Users/moreal-gram/CLionProjects/Ex-Chick-It-Server/servers/login/mysql-cpp/Makefile&quot;  VERBOSE=1 &quot;$file&quot;"/>
					<Clean command="/usr/bin/make -j8 -f &quot;/mnt/c/Users/moreal-gram/CLionProjects/Ex-Chick-It-Server/servers/login/mysql-cpp/Makefile&quot;  VERBOSE=1 clean"/>
					<DistClean command="/usr/bin/make -j8 -f &quot;/mnt/c/Users/moreal-gram/CLionProjects/Ex-Chick-It-Server/servers/login/mysql-cpp/Makefile&quot;  VERBOSE=1 clean"/>
				</MakeCommands>
			</Target>
			<Target title="mysql_cpp">
				<Option output="/mnt/c/Users/moreal-gram/CLionProjects/Ex-Chick-It-Server/servers/login/mysql-cpp/libmysql_cpp.a" prefix_auto="0" extension_auto="0"/>
				<Option working_dir="/mnt/c/Users/moreal-gram/CLionProjects/Ex-Chick-It-Server/servers/login/mysql-cpp"/>
				<Option object_output="./"/>
				<Option type="2"/>
				<Option compiler="gcc"/>
				<Compiler>
					<Add directory="/mnt/c/Users/moreal-gram/CLionProjects/Ex-Chick-It-Server/lib/common"/>
					<Add directory="/mnt/c/Users/moreal-gram/CLionProjects/Ex-Chick-It-Server/lib/mysql-cpp"/>
					<Add directory="/usr/include/c++/7"/>
					<Add directory="/usr/include/x86_64-linux-gnu/c++/7"/>
					<Add directory="/usr/include/c++/7/backward"/>
					<Add directory="/usr/lib/gcc/x86_64-linux-gnu/7/include"/>
					<Add directory="/usr/local/include"/>
					<Add directory="/usr/lib/gcc/x86_64-linux-gnu/7/include-fixed"/>
					<Add directory="/usr/include/x86_64-linux-gnu"/>
					<Add directory="/usr/include"/>
				</Compiler>
				<MakeCommands>
					<Build command="/usr/bin/make -j8 -f &quot;/mnt/c/Users/moreal-gram/CLionProjects/Ex-Chick-It-Server/servers/login/mysql-cpp/Makefile&quot;  VERBOSE=1 mysql_cpp"/>
					<CompileFile command="/usr/bin/make -j8 -f &quot;/mnt/c/Users/moreal-gram/CLionProjects/Ex-Chick-It-Server/servers/login/mysql-cpp/Makefile&quot;  VERBOSE=1 &quot;$file&quot;"/>
					<Clean command="/usr/bin/make -j8 -f &quot;/mnt/c/Users/moreal-gram/CLionProjects/Ex-Chick-It-Server/servers/login/mysql-cpp/Makefile&quot;  VERBOSE=1 clean"/>
					<DistClean command="/usr/bin/make -j8 -f &quot;/mnt/c/Users/moreal-gram/CLionProjects/Ex-Chick-It-Server/servers/login/mysql-cpp/Makefile&quot;  VERBOSE=1 clean"/>
				</MakeCommands>
			</Target>
			<Target title="mysql_cpp/fast">
				<Option output="/mnt/c/Users/moreal-gram/CLionProjects/Ex-Chick-It-Server/servers/login/mysql-cpp/libmysql_cpp.a" prefix_auto="0" extension_auto="0"/>
				<Option working_dir="/mnt/c/Users/moreal-gram/CLionProjects/Ex-Chick-It-Server/servers/login/mysql-cpp"/>
				<Option object_output="./"/>
				<Option type="2"/>
				<Option compiler="gcc"/>
				<Compiler>
					<Add directory="/mnt/c/Users/moreal-gram/CLionProjects/Ex-Chick-It-Server/lib/common"/>
					<Add directory="/mnt/c/Users/moreal-gram/CLionProjects/Ex-Chick-It-Server/lib/mysql-cpp"/>
					<Add directory="/usr/include/c++/7"/>
					<Add directory="/usr/include/x86_64-linux-gnu/c++/7"/>
					<Add directory="/usr/include/c++/7/backward"/>
					<Add directory="/usr/lib/gcc/x86_64-linux-gnu/7/include"/>
					<Add directory="/usr/local/include"/>
					<Add directory="/usr/lib/gcc/x86_64-linux-gnu/7/include-fixed"/>
					<Add directory="/usr/include/x86_64-linux-gnu"/>
					<Add directory="/usr/include"/>
				</Compiler>
				<MakeCommands>
					<Build command="/usr/bin/make -j8 -f &quot;/mnt/c/Users/moreal-gram/CLionProjects/Ex-Chick-It-Server/servers/login/mysql-cpp/Makefile&quot;  VERBOSE=1 mysql_cpp/fast"/>
					<CompileFile command="/usr/bin/make -j8 -f &quot;/mnt/c/Users/moreal-gram/CLionProjects/Ex-Chick-It-Server/servers/login/mysql-cpp/Makefile&quot;  VERBOSE=1 &quot;$file&quot;"/>
					<Clean command="/usr/bin/make -j8 -f &quot;/mnt/c/Users/moreal-gram/CLionProjects/Ex-Chick-It-Server/servers/login/mysql-cpp/Makefile&quot;  VERBOSE=1 clean"/>
					<DistClean command="/usr/bin/make -j8 -f &quot;/mnt/c/Users/moreal-gram/CLionProjects/Ex-Chick-It-Server/servers/login/mysql-cpp/Makefile&quot;  VERBOSE=1 clean"/>
				</MakeCommands>
			</Target>
		</Build>
		<Unit filename="/mnt/c/Users/moreal-gram/CLionProjects/Ex-Chick-It-Server/lib/chick-map/world.cc">
			<Option target="mysql_cpp"/>
		</Unit>
		<Unit filename="/mnt/c/Users/moreal-gram/CLionProjects/Ex-Chick-It-Server/lib/chick-map/world.h">
			<Option target="mysql_cpp"/>
		</Unit>
		<Unit filename="/mnt/c/Users/moreal-gram/CLionProjects/Ex-Chick-It-Server/lib/mysql-cpp/InputBinder.hpp">
			<Option target="mysql_cpp"/>
		</Unit>
		<Unit filename="/mnt/c/Users/moreal-gram/CLionProjects/Ex-Chick-It-Server/lib/mysql-cpp/MySql.cpp">
			<Option target="mysql_cpp"/>
		</Unit>
		<Unit filename="/mnt/c/Users/moreal-gram/CLionProjects/Ex-Chick-It-Server/lib/mysql-cpp/MySql.hpp">
			<Option target="mysql_cpp"/>
		</Unit>
		<Unit filename="/mnt/c/Users/moreal-gram/CLionProjects/Ex-Chick-It-Server/lib/mysql-cpp/MySqlException.cpp">
			<Option target="mysql_cpp"/>
		</Unit>
		<Unit filename="/mnt/c/Users/moreal-gram/CLionProjects/Ex-Chick-It-Server/lib/mysql-cpp/MySqlException.hpp">
			<Option target="mysql_cpp"/>
		</Unit>
		<Unit filename="/mnt/c/Users/moreal-gram/CLionProjects/Ex-Chick-It-Server/lib/mysql-cpp/MySqlPreparedStatement.cpp">
			<Option target="mysql_cpp"/>
		</Unit>
		<Unit filename="/mnt/c/Users/moreal-gram/CLionProjects/Ex-Chick-It-Server/lib/mysql-cpp/MySqlPreparedStatement.hpp">
			<Option target="mysql_cpp"/>
		</Unit>
		<Unit filename="/mnt/c/Users/moreal-gram/CLionProjects/Ex-Chick-It-Server/lib/mysql-cpp/OutputBinder.cpp">
			<Option target="mysql_cpp"/>
		</Unit>
		<Unit filename="/mnt/c/Users/moreal-gram/CLionProjects/Ex-Chick-It-Server/lib/mysql-cpp/OutputBinder.hpp">
			<Option target="mysql_cpp"/>
		</Unit>
		<Unit filename="/mnt/c/Users/moreal-gram/CLionProjects/Ex-Chick-It-Server/CMakeLists.txt">
			<Option virtualFolder="CMake Files\"/>
		</Unit>
		<Unit filename="/mnt/c/Users/moreal-gram/CLionProjects/Ex-Chick-It-Server/servers/CMakeLists.txt">
			<Option virtualFolder="CMake Files\servers\"/>
		</Unit>
		<Unit filename="/mnt/c/Users/moreal-gram/CLionProjects/Ex-Chick-It-Server/servers/login/CMakeLists.txt">
			<Option virtualFolder="CMake Files\servers\login\"/>
		</Unit>
		<Unit filename="/mnt/c/Users/moreal-gram/CLionProjects/Ex-Chick-It-Server/lib/mysql-cpp/CMakeLists.txt">
			<Option virtualFolder="CMake Files\lib\mysql-cpp\"/>
		</Unit>
	</Project>
</CodeBlocks_project_file>
